
Microsoft Visual Studio Solution File, Format Version 12.00
# Visual Studio Version 16
VisualStudioVersion = 16.0.29306.81
MinimumVisualStudioVersion = 10.0.40219.1
Project("{FAE04EC0-301F-11D3-BF4B-00C04F79EFBC}") = "DERIN", "DERIN.csproj", "{B9EBEFCC-719A-4329-9AF3-8A2142954F7F}"
EndProject
Global
	GlobalSection(SolutionConfigurationPlatforms) = preSolution
		Debug|Any CPU = Debug|Any CPU
		Release|Any CPU = Release|Any CPU
	EndGlobalSection
	GlobalSection(ProjectConfigurationPlatforms) = postSolution
		{B9EBEFCC-719A-4329-9AF3-8A2142954F7F}.Debug|Any CPU.ActiveCfg = Debug|Any CPU
		{B9EBEFCC-719A-4329-9AF3-8A2142954F7F}.Debug|Any CPU.Build.0 = Debug|Any CPU
		{B9EBEFCC-719A-4329-9AF3-8A2142954F7F}.Release|Any CPU.ActiveCfg = Release|Any CPU
		{B9EBEFCC-719A-4329-9AF3-8A2142954F7F}.Release|Any CPU.Build.0 = Release|Any CPU
	EndGlobalSection
	GlobalSection(SolutionProperties) = preSolution
		HideSolutionNode = FALSE
	EndGlobalSection
	GlobalSection(ExtensibilityGlobals) = postSolution
		SolutionGuid = {FB813C8E-B386-4F75-85BE-FBAC011F8524}
	EndGlobalSection
EndGlobal
